
Microsoft Visual Studio Solution File, Format Version 12.00
# Visual Studio Version 17
VisualStudioVersion = 17.2.32630.192
MinimumVisualStudioVersion = 10.0.40219.1
Project("{9A19103F-16F7-4668-BE54-9A1E7A4F7556}") = "R5T.Z0073.Construction", "R5T.Z0073.Construction\R5T.Z0073.Construction.csproj", "{13C76D6D-4C80-4308-AFE2-23B11D27D623}"
EndProject
Project("{9A19103F-16F7-4668-BE54-9A1E7A4F7556}") = "R5T.Z0073", "R5T.Z0073\R5T.Z0073.csproj", "{9E41E34B-A28E-4326-AB65-901FCD9C69A0}"
EndProject
Project("{9A19103F-16F7-4668-BE54-9A1E7A4F7556}") = "R5T.Z0073.Z002", "R5T.Z0073.Z002\R5T.Z0073.Z002.csproj", "{6C164BFA-2ECB-4DFF-AB78-6E38CFDB0006}"
EndProject
Project("{2150E333-8FDC-42A3-9474-1A3956D46DE8}") = "_Dependencies", "_Dependencies", "{948E27DD-E511-4B81-B729-50F51BA072C4}"
EndProject
Project("{9A19103F-16F7-4668-BE54-9A1E7A4F7556}") = "R5T.F0000", "..\..\R5T.F0000\source\R5T.F0000\R5T.F0000.csproj", "{06C17722-08F3-4BD2-9BEB-D02F0B066984}"
EndProject
Project("{9A19103F-16F7-4668-BE54-9A1E7A4F7556}") = "R5T.F0002", "..\..\R5T.F0002\source\R5T.F0002\R5T.F0002.csproj", "{D8BAA815-3E83-4B2C-8C3A-760928BEE072}"
EndProject
Project("{9A19103F-16F7-4668-BE54-9A1E7A4F7556}") = "R5T.F0059", "..\..\R5T.F0059\source\R5T.F0059\R5T.F0059.csproj", "{E9964042-DAEC-47E1-A12A-D4387301806B}"
EndProject
Project("{9A19103F-16F7-4668-BE54-9A1E7A4F7556}") = "R5T.F0120", "..\..\R5T.F0120\source\R5T.F0120\R5T.F0120.csproj", "{3911F82E-7A2C-430E-8A0C-D951AF49C039}"
EndProject
Project("{9A19103F-16F7-4668-BE54-9A1E7A4F7556}") = "R5T.F0124", "..\..\R5T.F0124\source\R5T.F0124\R5T.F0124.csproj", "{7C04AB69-4957-4E8E-B046-CED77FA61AFF}"
EndProject
Project("{9A19103F-16F7-4668-BE54-9A1E7A4F7556}") = "R5T.F0125", "..\..\R5T.F0125\source\R5T.F0125\R5T.F0125.csproj", "{D57B43FB-0481-40E9-BDCF-CCB252D5502F}"
EndProject
Project("{9A19103F-16F7-4668-BE54-9A1E7A4F7556}") = "R5T.L0030.T000", "..\..\R5T.L0030\source\R5T.L0030.T000\R5T.L0030.T000.csproj", "{F427E95E-77B6-4178-ADC9-D9B2DA025385}"
EndProject
Project("{9A19103F-16F7-4668-BE54-9A1E7A4F7556}") = "R5T.L0030", "..\..\R5T.L0030\source\R5T.L0030\R5T.L0030.csproj", "{E64ECE78-8187-4694-80C2-ABB8263E984B}"
EndProject
Project("{9A19103F-16F7-4668-BE54-9A1E7A4F7556}") = "R5T.L0034", "..\..\R5T.L0034\source\R5T.L0034\R5T.L0034.csproj", "{3F57B1F5-FED7-4279-94A6-E7E468646153}"
EndProject
Project("{9A19103F-16F7-4668-BE54-9A1E7A4F7556}") = "R5T.L0035", "..\..\R5T.L0035\source\R5T.L0035\R5T.L0035.csproj", "{242E77EE-FE34-40C9-AA7E-E79D19E54643}"
EndProject
Project("{9A19103F-16F7-4668-BE54-9A1E7A4F7556}") = "R5T.L0053", "..\..\R5T.L0053\source\R5T.L0053\R5T.L0053.csproj", "{A469BB94-FA5B-44F7-AF86-EF2FF6CE13D2}"
EndProject
Project("{9A19103F-16F7-4668-BE54-9A1E7A4F7556}") = "R5T.L0056", "..\..\R5T.L0056\source\R5T.L0056\R5T.L0056.csproj", "{2C883335-16B2-4C39-897C-ECA562484247}"
EndProject
Project("{9A19103F-16F7-4668-BE54-9A1E7A4F7556}") = "R5T.L0066", "..\..\R5T.L0066\source\R5T.L0066\R5T.L0066.csproj", "{5B2647A7-7E8F-4403-B301-2A40D5C4C22E}"
EndProject
Project("{9A19103F-16F7-4668-BE54-9A1E7A4F7556}") = "R5T.L0071", "..\..\R5T.L0071\source\R5T.L0071\R5T.L0071.csproj", "{E1AFAACF-EEC0-4340-BE9C-424E59187471}"
EndProject
Project("{9A19103F-16F7-4668-BE54-9A1E7A4F7556}") = "R5T.L0074", "..\..\R5T.L0074\source\R5T.L0074\R5T.L0074.csproj", "{29B58425-7139-483D-BE84-D7BEA87D09F8}"
EndProject
Project("{9A19103F-16F7-4668-BE54-9A1E7A4F7556}") = "R5T.L0089.F000", "..\..\R5T.L0089\source\R5T.L0089.F000\R5T.L0089.F000.csproj", "{D461BE06-6955-4425-A6B1-36A4A9101B28}"
EndProject
Project("{9A19103F-16F7-4668-BE54-9A1E7A4F7556}") = "R5T.L0089.T000", "..\..\R5T.L0089\source\R5T.L0089.T000\R5T.L0089.T000.csproj", "{82DD44CF-E047-4D67-A3DB-71C696DEE9C5}"
EndProject
Project("{9A19103F-16F7-4668-BE54-9A1E7A4F7556}") = "R5T.L0089", "..\..\R5T.L0089\source\R5T.L0089\R5T.L0089.csproj", "{8D258B71-10BA-4571-A9E9-8DB50956FD56}"
EndProject
Project("{9A19103F-16F7-4668-BE54-9A1E7A4F7556}") = "R5T.NG0006", "..\..\R5T.NG0006\source\R5T.NG0006\R5T.NG0006.csproj", "{F789EF21-CDC2-4C4D-961B-2C4635976998}"
EndProject
Project("{9A19103F-16F7-4668-BE54-9A1E7A4F7556}") = "R5T.NG0022", "..\..\R5T.NG0022\source\R5T.NG0022\R5T.NG0022.csproj", "{C5655D34-61F8-4589-96FA-D0C954F3ACC6}"
EndProject
Project("{9A19103F-16F7-4668-BE54-9A1E7A4F7556}") = "R5T.T0131", "..\..\R5T.T0131\source\R5T.T0131\R5T.T0131.csproj", "{F858DB69-740D-45FE-B553-53ACA092EC93}"
EndProject
Project("{9A19103F-16F7-4668-BE54-9A1E7A4F7556}") = "R5T.T0132", "..\..\R5T.T0132\source\R5T.T0132\R5T.T0132.csproj", "{B6DCA1B6-9607-4AB9-AB20-A4DB60A9DD81}"
EndProject
Project("{9A19103F-16F7-4668-BE54-9A1E7A4F7556}") = "R5T.T0142", "..\..\R5T.T0142\source\R5T.T0142\R5T.T0142.csproj", "{23CA8FF1-452E-4F6C-AC28-A80FA88CB3C1}"
EndProject
Project("{9A19103F-16F7-4668-BE54-9A1E7A4F7556}") = "R5T.T0143", "..\..\R5T.T0143\source\R5T.T0143\R5T.T0143.csproj", "{8D771A1A-603D-468C-BAB3-C1B2CE6E19C2}"
EndProject
Project("{9A19103F-16F7-4668-BE54-9A1E7A4F7556}") = "R5T.T0150", "..\..\R5T.T0150\source\R5T.T0150\R5T.T0150.csproj", "{D6D9B1F8-0A68-4461-82F1-7FA67B71DA2C}"
EndProject
Project("{9A19103F-16F7-4668-BE54-9A1E7A4F7556}") = "R5T.T0151", "..\..\R5T.T0151\source\R5T.T0151\R5T.T0151.csproj", "{2923C883-17FE-4FE9-8A6B-AB5D2A92062C}"
EndProject
Project("{9A19103F-16F7-4668-BE54-9A1E7A4F7556}") = "R5T.T0156", "..\..\R5T.T0156\source\R5T.T0156\R5T.T0156.csproj", "{28192C55-CCBA-4925-A411-DBAB2165D204}"
EndProject
Project("{9A19103F-16F7-4668-BE54-9A1E7A4F7556}") = "R5T.T0158", "..\..\R5T.T0158\source\R5T.T0158\R5T.T0158.csproj", "{5E223868-E6DA-4F32-AFC9-99ACD00A0A4F}"
EndProject
Project("{9A19103F-16F7-4668-BE54-9A1E7A4F7556}") = "R5T.T0159", "..\..\R5T.T0159\source\R5T.T0159\R5T.T0159.csproj", "{1158C020-6492-43E6-A73D-D8174590A49E}"
EndProject
Project("{9A19103F-16F7-4668-BE54-9A1E7A4F7556}") = "R5T.T0172", "..\..\R5T.T0172\source\R5T.T0172\R5T.T0172.csproj", "{F23557FE-E11E-4E45-96CB-30A281BD6C35}"
EndProject
Project("{9A19103F-16F7-4668-BE54-9A1E7A4F7556}") = "R5T.T0174", "..\..\R5T.T0174\source\R5T.T0174\R5T.T0174.csproj", "{019BEBB6-8B1F-4095-B6B0-28F73D76D98C}"
EndProject
Project("{9A19103F-16F7-4668-BE54-9A1E7A4F7556}") = "R5T.T0176", "..\..\R5T.T0176\source\R5T.T0176\R5T.T0176.csproj", "{517D9689-02F8-43C7-9470-BA36BE80DA1F}"
EndProject
Project("{9A19103F-16F7-4668-BE54-9A1E7A4F7556}") = "R5T.T0177", "..\..\R5T.T0177\source\R5T.T0177\R5T.T0177.csproj", "{280F873F-8002-445D-A323-3EBCC18EB2CE}"
EndProject
Project("{9A19103F-16F7-4668-BE54-9A1E7A4F7556}") = "R5T.T0178", "..\..\R5T.T0178\source\R5T.T0178\R5T.T0178.csproj", "{1ACCB096-B885-4455-BBCF-48E32F2E445D}"
EndProject
Project("{9A19103F-16F7-4668-BE54-9A1E7A4F7556}") = "R5T.T0179", "..\..\R5T.T0179\source\R5T.T0179\R5T.T0179.csproj", "{4FEAA945-D6B4-4303-8BD7-D220600433E1}"
EndProject
Project("{9A19103F-16F7-4668-BE54-9A1E7A4F7556}") = "R5T.T0180", "..\..\R5T.T0180\source\R5T.T0180\R5T.T0180.csproj", "{A3A68B33-1476-43F5-B0E2-0A190381EB54}"
EndProject
Project("{9A19103F-16F7-4668-BE54-9A1E7A4F7556}") = "R5T.T0181", "..\..\R5T.T0181\source\R5T.T0181\R5T.T0181.csproj", "{1B592A19-44F1-4564-994E-E84B3D80C69E}"
EndProject
Project("{9A19103F-16F7-4668-BE54-9A1E7A4F7556}") = "R5T.T0185", "..\..\R5T.T0185\source\R5T.T0185\R5T.T0185.csproj", "{6DF57451-E6F9-4E44-9CD6-ECE6834F0094}"
EndProject
Project("{9A19103F-16F7-4668-BE54-9A1E7A4F7556}") = "R5T.T0199.T000", "..\..\R5T.T0199\source\R5T.T0199.T000\R5T.T0199.T000.csproj", "{9F171590-E8A5-410F-82B4-F1136C14898F}"
EndProject
Project("{9A19103F-16F7-4668-BE54-9A1E7A4F7556}") = "R5T.T0199.T001", "..\..\R5T.T0199\source\R5T.T0199.T001\R5T.T0199.T001.csproj", "{4614C41C-5843-4432-8629-F30099084CDB}"
EndProject
Project("{9A19103F-16F7-4668-BE54-9A1E7A4F7556}") = "R5T.T0199", "..\..\R5T.T0199\source\R5T.T0199\R5T.T0199.csproj", "{D5ACC6F6-C6A4-4B93-B7D1-D0BBC89806AC}"
EndProject
Project("{9A19103F-16F7-4668-BE54-9A1E7A4F7556}") = "R5T.T0203", "..\..\R5T.T0203\source\R5T.T0203\R5T.T0203.csproj", "{55EF2F98-3AFB-4618-B30B-CE9917D2119A}"
EndProject
Project("{9A19103F-16F7-4668-BE54-9A1E7A4F7556}") = "R5T.T0213", "..\..\R5T.T0213\source\R5T.T0213\R5T.T0213.csproj", "{CE77D46C-DA48-454F-B1C6-E8367239A756}"
EndProject
Project("{9A19103F-16F7-4668-BE54-9A1E7A4F7556}") = "R5T.T0218", "..\..\R5T.T0218\source\R5T.T0218\R5T.T0218.csproj", "{175A4BC1-B5CB-4541-8113-ABD8B66703D6}"
EndProject
Project("{9A19103F-16F7-4668-BE54-9A1E7A4F7556}") = "R5T.T0219", "..\..\R5T.T0219\source\R5T.T0219\R5T.T0219.csproj", "{B2333E34-3331-4C95-8644-3845548D94A1}"
EndProject
Project("{9A19103F-16F7-4668-BE54-9A1E7A4F7556}") = "R5T.T0220", "..\..\R5T.T0220\source\R5T.T0220\R5T.T0220.csproj", "{8C9F07C8-E64F-41B2-868F-D3D8DBACFD04}"
EndProject
Project("{9A19103F-16F7-4668-BE54-9A1E7A4F7556}") = "R5T.T0221", "..\..\R5T.T0221\source\R5T.T0221\R5T.T0221.csproj", "{4204E1AC-8B0C-4AEC-BF7B-8E4EDD144958}"
EndProject
Project("{9A19103F-16F7-4668-BE54-9A1E7A4F7556}") = "R5T.T0227", "..\..\R5T.T0227\source\R5T.T0227\R5T.T0227.csproj", "{73AE32B4-1561-4ADE-96A1-D39F35C0F420}"
EndProject
Project("{9A19103F-16F7-4668-BE54-9A1E7A4F7556}") = "R5T.T0241", "..\..\R5T.T0241\source\R5T.T0241\R5T.T0241.csproj", "{3874BFF1-2A41-44A9-92FE-48F16F3ACCFB}"
EndProject
Project("{9A19103F-16F7-4668-BE54-9A1E7A4F7556}") = "R5T.Y0000", "..\..\R5T.Y0000\source\R5T.Y0000\R5T.Y0000.csproj", "{237229D4-72DF-4954-93AE-BBB577B0860F}"
EndProject
Project("{9A19103F-16F7-4668-BE54-9A1E7A4F7556}") = "R5T.Y0006", "..\..\R5T.Y0006\source\R5T.Y0006\R5T.Y0006.csproj", "{C58B1942-A617-4597-A6D4-522B68AC3596}"
EndProject
Project("{9A19103F-16F7-4668-BE54-9A1E7A4F7556}") = "R5T.Z0000", "..\..\R5T.Z0000\source\R5T.Z0000\R5T.Z0000.csproj", "{814141DD-B050-4825-8FE3-AD5881178961}"
EndProject
Project("{9A19103F-16F7-4668-BE54-9A1E7A4F7556}") = "R5T.Z0010.Platform", "..\..\R5T.Z0010\source\R5T.Z0010.Platform\R5T.Z0010.Platform.csproj", "{5FC49A20-FE0D-4C3B-A887-1027AA6DB6E3}"
EndProject
Project("{9A19103F-16F7-4668-BE54-9A1E7A4F7556}") = "R5T.Z0010", "..\..\R5T.Z0010\source\R5T.Z0010\R5T.Z0010.csproj", "{6AE39DD8-C063-441D-A87C-29EDE9923BAD}"
EndProject
Project("{9A19103F-16F7-4668-BE54-9A1E7A4F7556}") = "R5T.Z0057.Platform", "..\..\R5T.Z0057\source\R5T.Z0057.Platform\R5T.Z0057.Platform.csproj", "{96602B14-B084-4C72-AFB7-DAECCABB5CAC}"
EndProject
Project("{9A19103F-16F7-4668-BE54-9A1E7A4F7556}") = "R5T.Z0057", "..\..\R5T.Z0057\source\R5T.Z0057\R5T.Z0057.csproj", "{A258E6AA-1F46-4E90-B2F9-E94807D7F42A}"
EndProject
Project("{9A19103F-16F7-4668-BE54-9A1E7A4F7556}") = "R5T.Z0058", "..\..\R5T.Z0058\source\R5T.Z0058\R5T.Z0058.csproj", "{64CE7C96-0BF6-41ED-8AC7-1FD31DB5CC9F}"
EndProject
Project("{9A19103F-16F7-4668-BE54-9A1E7A4F7556}") = "R5T.Z0073.Z000", "R5T.Z0073.Z000\R5T.Z0073.Z000.csproj", "{AA7A05D1-32A3-4AA9-853E-8D45C8B129FA}"
EndProject
Global
	GlobalSection(NestedProjects) = preSolution
		{06C17722-08F3-4BD2-9BEB-D02F0B066984} = {948E27DD-E511-4B81-B729-50F51BA072C4}
		{D8BAA815-3E83-4B2C-8C3A-760928BEE072} = {948E27DD-E511-4B81-B729-50F51BA072C4}
		{E9964042-DAEC-47E1-A12A-D4387301806B} = {948E27DD-E511-4B81-B729-50F51BA072C4}
		{3911F82E-7A2C-430E-8A0C-D951AF49C039} = {948E27DD-E511-4B81-B729-50F51BA072C4}
		{7C04AB69-4957-4E8E-B046-CED77FA61AFF} = {948E27DD-E511-4B81-B729-50F51BA072C4}
		{D57B43FB-0481-40E9-BDCF-CCB252D5502F} = {948E27DD-E511-4B81-B729-50F51BA072C4}
		{F427E95E-77B6-4178-ADC9-D9B2DA025385} = {948E27DD-E511-4B81-B729-50F51BA072C4}
		{E64ECE78-8187-4694-80C2-ABB8263E984B} = {948E27DD-E511-4B81-B729-50F51BA072C4}
		{3F57B1F5-FED7-4279-94A6-E7E468646153} = {948E27DD-E511-4B81-B729-50F51BA072C4}
		{242E77EE-FE34-40C9-AA7E-E79D19E54643} = {948E27DD-E511-4B81-B729-50F51BA072C4}
		{A469BB94-FA5B-44F7-AF86-EF2FF6CE13D2} = {948E27DD-E511-4B81-B729-50F51BA072C4}
		{2C883335-16B2-4C39-897C-ECA562484247} = {948E27DD-E511-4B81-B729-50F51BA072C4}
		{5B2647A7-7E8F-4403-B301-2A40D5C4C22E} = {948E27DD-E511-4B81-B729-50F51BA072C4}
		{E1AFAACF-EEC0-4340-BE9C-424E59187471} = {948E27DD-E511-4B81-B729-50F51BA072C4}
		{29B58425-7139-483D-BE84-D7BEA87D09F8} = {948E27DD-E511-4B81-B729-50F51BA072C4}
		{D461BE06-6955-4425-A6B1-36A4A9101B28} = {948E27DD-E511-4B81-B729-50F51BA072C4}
		{82DD44CF-E047-4D67-A3DB-71C696DEE9C5} = {948E27DD-E511-4B81-B729-50F51BA072C4}
		{8D258B71-10BA-4571-A9E9-8DB50956FD56} = {948E27DD-E511-4B81-B729-50F51BA072C4}
		{F789EF21-CDC2-4C4D-961B-2C4635976998} = {948E27DD-E511-4B81-B729-50F51BA072C4}
		{C5655D34-61F8-4589-96FA-D0C954F3ACC6} = {948E27DD-E511-4B81-B729-50F51BA072C4}
		{F858DB69-740D-45FE-B553-53ACA092EC93} = {948E27DD-E511-4B81-B729-50F51BA072C4}
		{B6DCA1B6-9607-4AB9-AB20-A4DB60A9DD81} = {948E27DD-E511-4B81-B729-50F51BA072C4}
		{23CA8FF1-452E-4F6C-AC28-A80FA88CB3C1} = {948E27DD-E511-4B81-B729-50F51BA072C4}
		{8D771A1A-603D-468C-BAB3-C1B2CE6E19C2} = {948E27DD-E511-4B81-B729-50F51BA072C4}
		{D6D9B1F8-0A68-4461-82F1-7FA67B71DA2C} = {948E27DD-E511-4B81-B729-50F51BA072C4}
		{2923C883-17FE-4FE9-8A6B-AB5D2A92062C} = {948E27DD-E511-4B81-B729-50F51BA072C4}
		{28192C55-CCBA-4925-A411-DBAB2165D204} = {948E27DD-E511-4B81-B729-50F51BA072C4}
		{5E223868-E6DA-4F32-AFC9-99ACD00A0A4F} = {948E27DD-E511-4B81-B729-50F51BA072C4}
		{1158C020-6492-43E6-A73D-D8174590A49E} = {948E27DD-E511-4B81-B729-50F51BA072C4}
		{F23557FE-E11E-4E45-96CB-30A281BD6C35} = {948E27DD-E511-4B81-B729-50F51BA072C4}
		{019BEBB6-8B1F-4095-B6B0-28F73D76D98C} = {948E27DD-E511-4B81-B729-50F51BA072C4}
		{517D9689-02F8-43C7-9470-BA36BE80DA1F} = {948E27DD-E511-4B81-B729-50F51BA072C4}
		{280F873F-8002-445D-A323-3EBCC18EB2CE} = {948E27DD-E511-4B81-B729-50F51BA072C4}
		{1ACCB096-B885-4455-BBCF-48E32F2E445D} = {948E27DD-E511-4B81-B729-50F51BA072C4}
		{4FEAA945-D6B4-4303-8BD7-D220600433E1} = {948E27DD-E511-4B81-B729-50F51BA072C4}
		{A3A68B33-1476-43F5-B0E2-0A190381EB54} = {948E27DD-E511-4B81-B729-50F51BA072C4}
		{1B592A19-44F1-4564-994E-E84B3D80C69E} = {948E27DD-E511-4B81-B729-50F51BA072C4}
		{6DF57451-E6F9-4E44-9CD6-ECE6834F0094} = {948E27DD-E511-4B81-B729-50F51BA072C4}
		{9F171590-E8A5-410F-82B4-F1136C14898F} = {948E27DD-E511-4B81-B729-50F51BA072C4}
		{4614C41C-5843-4432-8629-F30099084CDB} = {948E27DD-E511-4B81-B729-50F51BA072C4}
		{D5ACC6F6-C6A4-4B93-B7D1-D0BBC89806AC} = {948E27DD-E511-4B81-B729-50F51BA072C4}
		{55EF2F98-3AFB-4618-B30B-CE9917D2119A} = {948E27DD-E511-4B81-B729-50F51BA072C4}
		{CE77D46C-DA48-454F-B1C6-E8367239A756} = {948E27DD-E511-4B81-B729-50F51BA072C4}
		{175A4BC1-B5CB-4541-8113-ABD8B66703D6} = {948E27DD-E511-4B81-B729-50F51BA072C4}
		{B2333E34-3331-4C95-8644-3845548D94A1} = {948E27DD-E511-4B81-B729-50F51BA072C4}
		{8C9F07C8-E64F-41B2-868F-D3D8DBACFD04} = {948E27DD-E511-4B81-B729-50F51BA072C4}
		{4204E1AC-8B0C-4AEC-BF7B-8E4EDD144958} = {948E27DD-E511-4B81-B729-50F51BA072C4}
		{73AE32B4-1561-4ADE-96A1-D39F35C0F420} = {948E27DD-E511-4B81-B729-50F51BA072C4}
		{3874BFF1-2A41-44A9-92FE-48F16F3ACCFB} = {948E27DD-E511-4B81-B729-50F51BA072C4}
		{237229D4-72DF-4954-93AE-BBB577B0860F} = {948E27DD-E511-4B81-B729-50F51BA072C4}
		{C58B1942-A617-4597-A6D4-522B68AC3596} = {948E27DD-E511-4B81-B729-50F51BA072C4}
		{814141DD-B050-4825-8FE3-AD5881178961} = {948E27DD-E511-4B81-B729-50F51BA072C4}
		{5FC49A20-FE0D-4C3B-A887-1027AA6DB6E3} = {948E27DD-E511-4B81-B729-50F51BA072C4}
		{6AE39DD8-C063-441D-A87C-29EDE9923BAD} = {948E27DD-E511-4B81-B729-50F51BA072C4}
		{96602B14-B084-4C72-AFB7-DAECCABB5CAC} = {948E27DD-E511-4B81-B729-50F51BA072C4}
		{A258E6AA-1F46-4E90-B2F9-E94807D7F42A} = {948E27DD-E511-4B81-B729-50F51BA072C4}
		{64CE7C96-0BF6-41ED-8AC7-1FD31DB5CC9F} = {948E27DD-E511-4B81-B729-50F51BA072C4}
	EndGlobalSection
	GlobalSection(SolutionConfigurationPlatforms) = preSolution
		Debug|Any CPU = Debug|Any CPU
		Release|Any CPU = Release|Any CPU
	EndGlobalSection
	GlobalSection(ProjectConfigurationPlatforms) = postSolution
		{13C76D6D-4C80-4308-AFE2-23B11D27D623}.Debug|Any CPU.ActiveCfg = Debug|Any CPU
		{13C76D6D-4C80-4308-AFE2-23B11D27D623}.Debug|Any CPU.Build.0 = Debug|Any CPU
		{13C76D6D-4C80-4308-AFE2-23B11D27D623}.Release|Any CPU.ActiveCfg = Release|Any CPU
		{13C76D6D-4C80-4308-AFE2-23B11D27D623}.Release|Any CPU.Build.0 = Release|Any CPU
		{9E41E34B-A28E-4326-AB65-901FCD9C69A0}.Debug|Any CPU.ActiveCfg = Debug|Any CPU
		{9E41E34B-A28E-4326-AB65-901FCD9C69A0}.Debug|Any CPU.Build.0 = Debug|Any CPU
		{9E41E34B-A28E-4326-AB65-901FCD9C69A0}.Release|Any CPU.ActiveCfg = Release|Any CPU
		{9E41E34B-A28E-4326-AB65-901FCD9C69A0}.Release|Any CPU.Build.0 = Release|Any CPU
		{6C164BFA-2ECB-4DFF-AB78-6E38CFDB0006}.Debug|Any CPU.ActiveCfg = Debug|Any CPU
		{6C164BFA-2ECB-4DFF-AB78-6E38CFDB0006}.Debug|Any CPU.Build.0 = Debug|Any CPU
		{6C164BFA-2ECB-4DFF-AB78-6E38CFDB0006}.Release|Any CPU.ActiveCfg = Release|Any CPU
		{6C164BFA-2ECB-4DFF-AB78-6E38CFDB0006}.Release|Any CPU.Build.0 = Release|Any CPU
		{06C17722-08F3-4BD2-9BEB-D02F0B066984}.Debug|Any CPU.ActiveCfg = Debug|Any CPU
		{06C17722-08F3-4BD2-9BEB-D02F0B066984}.Debug|Any CPU.Build.0 = Debug|Any CPU
		{06C17722-08F3-4BD2-9BEB-D02F0B066984}.Release|Any CPU.ActiveCfg = Release|Any CPU
		{06C17722-08F3-4BD2-9BEB-D02F0B066984}.Release|Any CPU.Build.0 = Release|Any CPU
		{D8BAA815-3E83-4B2C-8C3A-760928BEE072}.Debug|Any CPU.ActiveCfg = Debug|Any CPU
		{D8BAA815-3E83-4B2C-8C3A-760928BEE072}.Debug|Any CPU.Build.0 = Debug|Any CPU
		{D8BAA815-3E83-4B2C-8C3A-760928BEE072}.Release|Any CPU.ActiveCfg = Release|Any CPU
		{D8BAA815-3E83-4B2C-8C3A-760928BEE072}.Release|Any CPU.Build.0 = Release|Any CPU
		{E9964042-DAEC-47E1-A12A-D4387301806B}.Debug|Any CPU.ActiveCfg = Debug|Any CPU
		{E9964042-DAEC-47E1-A12A-D4387301806B}.Debug|Any CPU.Build.0 = Debug|Any CPU
		{E9964042-DAEC-47E1-A12A-D4387301806B}.Release|Any CPU.ActiveCfg = Release|Any CPU
		{E9964042-DAEC-47E1-A12A-D4387301806B}.Release|Any CPU.Build.0 = Release|Any CPU
		{3911F82E-7A2C-430E-8A0C-D951AF49C039}.Debug|Any CPU.ActiveCfg = Debug|Any CPU
		{3911F82E-7A2C-430E-8A0C-D951AF49C039}.Debug|Any CPU.Build.0 = Debug|Any CPU
		{3911F82E-7A2C-430E-8A0C-D951AF49C039}.Release|Any CPU.ActiveCfg = Release|Any CPU
		{3911F82E-7A2C-430E-8A0C-D951AF49C039}.Release|Any CPU.Build.0 = Release|Any CPU
		{7C04AB69-4957-4E8E-B046-CED77FA61AFF}.Debug|Any CPU.ActiveCfg = Debug|Any CPU
		{7C04AB69-4957-4E8E-B046-CED77FA61AFF}.Debug|Any CPU.Build.0 = Debug|Any CPU
		{7C04AB69-4957-4E8E-B046-CED77FA61AFF}.Release|Any CPU.ActiveCfg = Release|Any CPU
		{7C04AB69-4957-4E8E-B046-CED77FA61AFF}.Release|Any CPU.Build.0 = Release|Any CPU
		{D57B43FB-0481-40E9-BDCF-CCB252D5502F}.Debug|Any CPU.ActiveCfg = Debug|Any CPU
		{D57B43FB-0481-40E9-BDCF-CCB252D5502F}.Debug|Any CPU.Build.0 = Debug|Any CPU
		{D57B43FB-0481-40E9-BDCF-CCB252D5502F}.Release|Any CPU.ActiveCfg = Release|Any CPU
		{D57B43FB-0481-40E9-BDCF-CCB252D5502F}.Release|Any CPU.Build.0 = Release|Any CPU
		{F427E95E-77B6-4178-ADC9-D9B2DA025385}.Debug|Any CPU.ActiveCfg = Debug|Any CPU
		{F427E95E-77B6-4178-ADC9-D9B2DA025385}.Debug|Any CPU.Build.0 = Debug|Any CPU
		{F427E95E-77B6-4178-ADC9-D9B2DA025385}.Release|Any CPU.ActiveCfg = Release|Any CPU
		{F427E95E-77B6-4178-ADC9-D9B2DA025385}.Release|Any CPU.Build.0 = Release|Any CPU
		{E64ECE78-8187-4694-80C2-ABB8263E984B}.Debug|Any CPU.ActiveCfg = Debug|Any CPU
		{E64ECE78-8187-4694-80C2-ABB8263E984B}.Debug|Any CPU.Build.0 = Debug|Any CPU
		{E64ECE78-8187-4694-80C2-ABB8263E984B}.Release|Any CPU.ActiveCfg = Release|Any CPU
		{E64ECE78-8187-4694-80C2-ABB8263E984B}.Release|Any CPU.Build.0 = Release|Any CPU
		{3F57B1F5-FED7-4279-94A6-E7E468646153}.Debug|Any CPU.ActiveCfg = Debug|Any CPU
		{3F57B1F5-FED7-4279-94A6-E7E468646153}.Debug|Any CPU.Build.0 = Debug|Any CPU
		{3F57B1F5-FED7-4279-94A6-E7E468646153}.Release|Any CPU.ActiveCfg = Release|Any CPU
		{3F57B1F5-FED7-4279-94A6-E7E468646153}.Release|Any CPU.Build.0 = Release|Any CPU
		{242E77EE-FE34-40C9-AA7E-E79D19E54643}.Debug|Any CPU.ActiveCfg = Debug|Any CPU
		{242E77EE-FE34-40C9-AA7E-E79D19E54643}.Debug|Any CPU.Build.0 = Debug|Any CPU
		{242E77EE-FE34-40C9-AA7E-E79D19E54643}.Release|Any CPU.ActiveCfg = Release|Any CPU
		{242E77EE-FE34-40C9-AA7E-E79D19E54643}.Release|Any CPU.Build.0 = Release|Any CPU
		{A469BB94-FA5B-44F7-AF86-EF2FF6CE13D2}.Debug|Any CPU.ActiveCfg = Debug|Any CPU
		{A469BB94-FA5B-44F7-AF86-EF2FF6CE13D2}.Debug|Any CPU.Build.0 = Debug|Any CPU
		{A469BB94-FA5B-44F7-AF86-EF2FF6CE13D2}.Release|Any CPU.ActiveCfg = Release|Any CPU
		{A469BB94-FA5B-44F7-AF86-EF2FF6CE13D2}.Release|Any CPU.Build.0 = Release|Any CPU
		{2C883335-16B2-4C39-897C-ECA562484247}.Debug|Any CPU.ActiveCfg = Debug|Any CPU
		{2C883335-16B2-4C39-897C-ECA562484247}.Debug|Any CPU.Build.0 = Debug|Any CPU
		{2C883335-16B2-4C39-897C-ECA562484247}.Release|Any CPU.ActiveCfg = Release|Any CPU
		{2C883335-16B2-4C39-897C-ECA562484247}.Release|Any CPU.Build.0 = Release|Any CPU
		{5B2647A7-7E8F-4403-B301-2A40D5C4C22E}.Debug|Any CPU.ActiveCfg = Debug|Any CPU
		{5B2647A7-7E8F-4403-B301-2A40D5C4C22E}.Debug|Any CPU.Build.0 = Debug|Any CPU
		{5B2647A7-7E8F-4403-B301-2A40D5C4C22E}.Release|Any CPU.ActiveCfg = Release|Any CPU
		{5B2647A7-7E8F-4403-B301-2A40D5C4C22E}.Release|Any CPU.Build.0 = Release|Any CPU
		{E1AFAACF-EEC0-4340-BE9C-424E59187471}.Debug|Any CPU.ActiveCfg = Debug|Any CPU
		{E1AFAACF-EEC0-4340-BE9C-424E59187471}.Debug|Any CPU.Build.0 = Debug|Any CPU
		{E1AFAACF-EEC0-4340-BE9C-424E59187471}.Release|Any CPU.ActiveCfg = Release|Any CPU
		{E1AFAACF-EEC0-4340-BE9C-424E59187471}.Release|Any CPU.Build.0 = Release|Any CPU
		{29B58425-7139-483D-BE84-D7BEA87D09F8}.Debug|Any CPU.ActiveCfg = Debug|Any CPU
		{29B58425-7139-483D-BE84-D7BEA87D09F8}.Debug|Any CPU.Build.0 = Debug|Any CPU
		{29B58425-7139-483D-BE84-D7BEA87D09F8}.Release|Any CPU.ActiveCfg = Release|Any CPU
		{29B58425-7139-483D-BE84-D7BEA87D09F8}.Release|Any CPU.Build.0 = Release|Any CPU
		{D461BE06-6955-4425-A6B1-36A4A9101B28}.Debug|Any CPU.ActiveCfg = Debug|Any CPU
		{D461BE06-6955-4425-A6B1-36A4A9101B28}.Debug|Any CPU.Build.0 = Debug|Any CPU
		{D461BE06-6955-4425-A6B1-36A4A9101B28}.Release|Any CPU.ActiveCfg = Release|Any CPU
		{D461BE06-6955-4425-A6B1-36A4A9101B28}.Release|Any CPU.Build.0 = Release|Any CPU
		{82DD44CF-E047-4D67-A3DB-71C696DEE9C5}.Debug|Any CPU.ActiveCfg = Debug|Any CPU
		{82DD44CF-E047-4D67-A3DB-71C696DEE9C5}.Debug|Any CPU.Build.0 = Debug|Any CPU
		{82DD44CF-E047-4D67-A3DB-71C696DEE9C5}.Release|Any CPU.ActiveCfg = Release|Any CPU
		{82DD44CF-E047-4D67-A3DB-71C696DEE9C5}.Release|Any CPU.Build.0 = Release|Any CPU
		{8D258B71-10BA-4571-A9E9-8DB50956FD56}.Debug|Any CPU.ActiveCfg = Debug|Any CPU
		{8D258B71-10BA-4571-A9E9-8DB50956FD56}.Debug|Any CPU.Build.0 = Debug|Any CPU
		{8D258B71-10BA-4571-A9E9-8DB50956FD56}.Release|Any CPU.ActiveCfg = Release|Any CPU
		{8D258B71-10BA-4571-A9E9-8DB50956FD56}.Release|Any CPU.Build.0 = Release|Any CPU
		{F789EF21-CDC2-4C4D-961B-2C4635976998}.Debug|Any CPU.ActiveCfg = Debug|Any CPU
		{F789EF21-CDC2-4C4D-961B-2C4635976998}.Debug|Any CPU.Build.0 = Debug|Any CPU
		{F789EF21-CDC2-4C4D-961B-2C4635976998}.Release|Any CPU.ActiveCfg = Release|Any CPU
		{F789EF21-CDC2-4C4D-961B-2C4635976998}.Release|Any CPU.Build.0 = Release|Any CPU
		{C5655D34-61F8-4589-96FA-D0C954F3ACC6}.Debug|Any CPU.ActiveCfg = Debug|Any CPU
		{C5655D34-61F8-4589-96FA-D0C954F3ACC6}.Debug|Any CPU.Build.0 = Debug|Any CPU
		{C5655D34-61F8-4589-96FA-D0C954F3ACC6}.Release|Any CPU.ActiveCfg = Release|Any CPU
		{C5655D34-61F8-4589-96FA-D0C954F3ACC6}.Release|Any CPU.Build.0 = Release|Any CPU
		{F858DB69-740D-45FE-B553-53ACA092EC93}.Debug|Any CPU.ActiveCfg = Debug|Any CPU
		{F858DB69-740D-45FE-B553-53ACA092EC93}.Debug|Any CPU.Build.0 = Debug|Any CPU
		{F858DB69-740D-45FE-B553-53ACA092EC93}.Release|Any CPU.ActiveCfg = Release|Any CPU
		{F858DB69-740D-45FE-B553-53ACA092EC93}.Release|Any CPU.Build.0 = Release|Any CPU
		{B6DCA1B6-9607-4AB9-AB20-A4DB60A9DD81}.Debug|Any CPU.ActiveCfg = Debug|Any CPU
		{B6DCA1B6-9607-4AB9-AB20-A4DB60A9DD81}.Debug|Any CPU.Build.0 = Debug|Any CPU
		{B6DCA1B6-9607-4AB9-AB20-A4DB60A9DD81}.Release|Any CPU.ActiveCfg = Release|Any CPU
		{B6DCA1B6-9607-4AB9-AB20-A4DB60A9DD81}.Release|Any CPU.Build.0 = Release|Any CPU
		{23CA8FF1-452E-4F6C-AC28-A80FA88CB3C1}.Debug|Any CPU.ActiveCfg = Debug|Any CPU
		{23CA8FF1-452E-4F6C-AC28-A80FA88CB3C1}.Debug|Any CPU.Build.0 = Debug|Any CPU
		{23CA8FF1-452E-4F6C-AC28-A80FA88CB3C1}.Release|Any CPU.ActiveCfg = Release|Any CPU
		{23CA8FF1-452E-4F6C-AC28-A80FA88CB3C1}.Release|Any CPU.Build.0 = Release|Any CPU
		{8D771A1A-603D-468C-BAB3-C1B2CE6E19C2}.Debug|Any CPU.ActiveCfg = Debug|Any CPU
		{8D771A1A-603D-468C-BAB3-C1B2CE6E19C2}.Debug|Any CPU.Build.0 = Debug|Any CPU
		{8D771A1A-603D-468C-BAB3-C1B2CE6E19C2}.Release|Any CPU.ActiveCfg = Release|Any CPU
		{8D771A1A-603D-468C-BAB3-C1B2CE6E19C2}.Release|Any CPU.Build.0 = Release|Any CPU
		{D6D9B1F8-0A68-4461-82F1-7FA67B71DA2C}.Debug|Any CPU.ActiveCfg = Debug|Any CPU
		{D6D9B1F8-0A68-4461-82F1-7FA67B71DA2C}.Debug|Any CPU.Build.0 = Debug|Any CPU
		{D6D9B1F8-0A68-4461-82F1-7FA67B71DA2C}.Release|Any CPU.ActiveCfg = Release|Any CPU
		{D6D9B1F8-0A68-4461-82F1-7FA67B71DA2C}.Release|Any CPU.Build.0 = Release|Any CPU
		{2923C883-17FE-4FE9-8A6B-AB5D2A92062C}.Debug|Any CPU.ActiveCfg = Debug|Any CPU
		{2923C883-17FE-4FE9-8A6B-AB5D2A92062C}.Debug|Any CPU.Build.0 = Debug|Any CPU
		{2923C883-17FE-4FE9-8A6B-AB5D2A92062C}.Release|Any CPU.ActiveCfg = Release|Any CPU
		{2923C883-17FE-4FE9-8A6B-AB5D2A92062C}.Release|Any CPU.Build.0 = Release|Any CPU
		{28192C55-CCBA-4925-A411-DBAB2165D204}.Debug|Any CPU.ActiveCfg = Debug|Any CPU
		{28192C55-CCBA-4925-A411-DBAB2165D204}.Debug|Any CPU.Build.0 = Debug|Any CPU
		{28192C55-CCBA-4925-A411-DBAB2165D204}.Release|Any CPU.ActiveCfg = Release|Any CPU
		{28192C55-CCBA-4925-A411-DBAB2165D204}.Release|Any CPU.Build.0 = Release|Any CPU
		{5E223868-E6DA-4F32-AFC9-99ACD00A0A4F}.Debug|Any CPU.ActiveCfg = Debug|Any CPU
		{5E223868-E6DA-4F32-AFC9-99ACD00A0A4F}.Debug|Any CPU.Build.0 = Debug|Any CPU
		{5E223868-E6DA-4F32-AFC9-99ACD00A0A4F}.Release|Any CPU.ActiveCfg = Release|Any CPU
		{5E223868-E6DA-4F32-AFC9-99ACD00A0A4F}.Release|Any CPU.Build.0 = Release|Any CPU
		{1158C020-6492-43E6-A73D-D8174590A49E}.Debug|Any CPU.ActiveCfg = Debug|Any CPU
		{1158C020-6492-43E6-A73D-D8174590A49E}.Debug|Any CPU.Build.0 = Debug|Any CPU
		{1158C020-6492-43E6-A73D-D8174590A49E}.Release|Any CPU.ActiveCfg = Release|Any CPU
		{1158C020-6492-43E6-A73D-D8174590A49E}.Release|Any CPU.Build.0 = Release|Any CPU
		{F23557FE-E11E-4E45-96CB-30A281BD6C35}.Debug|Any CPU.ActiveCfg = Debug|Any CPU
		{F23557FE-E11E-4E45-96CB-30A281BD6C35}.Debug|Any CPU.Build.0 = Debug|Any CPU
		{F23557FE-E11E-4E45-96CB-30A281BD6C35}.Release|Any CPU.ActiveCfg = Release|Any CPU
		{F23557FE-E11E-4E45-96CB-30A281BD6C35}.Release|Any CPU.Build.0 = Release|Any CPU
		{019BEBB6-8B1F-4095-B6B0-28F73D76D98C}.Debug|Any CPU.ActiveCfg = Debug|Any CPU
		{019BEBB6-8B1F-4095-B6B0-28F73D76D98C}.Debug|Any CPU.Build.0 = Debug|Any CPU
		{019BEBB6-8B1F-4095-B6B0-28F73D76D98C}.Release|Any CPU.ActiveCfg = Release|Any CPU
		{019BEBB6-8B1F-4095-B6B0-28F73D76D98C}.Release|Any CPU.Build.0 = Release|Any CPU
		{517D9689-02F8-43C7-9470-BA36BE80DA1F}.Debug|Any CPU.ActiveCfg = Debug|Any CPU
		{517D9689-02F8-43C7-9470-BA36BE80DA1F}.Debug|Any CPU.Build.0 = Debug|Any CPU
		{517D9689-02F8-43C7-9470-BA36BE80DA1F}.Release|Any CPU.ActiveCfg = Release|Any CPU
		{517D9689-02F8-43C7-9470-BA36BE80DA1F}.Release|Any CPU.Build.0 = Release|Any CPU
		{280F873F-8002-445D-A323-3EBCC18EB2CE}.Debug|Any CPU.ActiveCfg = Debug|Any CPU
		{280F873F-8002-445D-A323-3EBCC18EB2CE}.Debug|Any CPU.Build.0 = Debug|Any CPU
		{280F873F-8002-445D-A323-3EBCC18EB2CE}.Release|Any CPU.ActiveCfg = Release|Any CPU
		{280F873F-8002-445D-A323-3EBCC18EB2CE}.Release|Any CPU.Build.0 = Release|Any CPU
		{1ACCB096-B885-4455-BBCF-48E32F2E445D}.Debug|Any CPU.ActiveCfg = Debug|Any CPU
		{1ACCB096-B885-4455-BBCF-48E32F2E445D}.Debug|Any CPU.Build.0 = Debug|Any CPU
		{1ACCB096-B885-4455-BBCF-48E32F2E445D}.Release|Any CPU.ActiveCfg = Release|Any CPU
		{1ACCB096-B885-4455-BBCF-48E32F2E445D}.Release|Any CPU.Build.0 = Release|Any CPU
		{4FEAA945-D6B4-4303-8BD7-D220600433E1}.Debug|Any CPU.ActiveCfg = Debug|Any CPU
		{4FEAA945-D6B4-4303-8BD7-D220600433E1}.Debug|Any CPU.Build.0 = Debug|Any CPU
		{4FEAA945-D6B4-4303-8BD7-D220600433E1}.Release|Any CPU.ActiveCfg = Release|Any CPU
		{4FEAA945-D6B4-4303-8BD7-D220600433E1}.Release|Any CPU.Build.0 = Release|Any CPU
		{A3A68B33-1476-43F5-B0E2-0A190381EB54}.Debug|Any CPU.ActiveCfg = Debug|Any CPU
		{A3A68B33-1476-43F5-B0E2-0A190381EB54}.Debug|Any CPU.Build.0 = Debug|Any CPU
		{A3A68B33-1476-43F5-B0E2-0A190381EB54}.Release|Any CPU.ActiveCfg = Release|Any CPU
		{A3A68B33-1476-43F5-B0E2-0A190381EB54}.Release|Any CPU.Build.0 = Release|Any CPU
		{1B592A19-44F1-4564-994E-E84B3D80C69E}.Debug|Any CPU.ActiveCfg = Debug|Any CPU
		{1B592A19-44F1-4564-994E-E84B3D80C69E}.Debug|Any CPU.Build.0 = Debug|Any CPU
		{1B592A19-44F1-4564-994E-E84B3D80C69E}.Release|Any CPU.ActiveCfg = Release|Any CPU
		{1B592A19-44F1-4564-994E-E84B3D80C69E}.Release|Any CPU.Build.0 = Release|Any CPU
		{6DF57451-E6F9-4E44-9CD6-ECE6834F0094}.Debug|Any CPU.ActiveCfg = Debug|Any CPU
		{6DF57451-E6F9-4E44-9CD6-ECE6834F0094}.Debug|Any CPU.Build.0 = Debug|Any CPU
		{6DF57451-E6F9-4E44-9CD6-ECE6834F0094}.Release|Any CPU.ActiveCfg = Release|Any CPU
		{6DF57451-E6F9-4E44-9CD6-ECE6834F0094}.Release|Any CPU.Build.0 = Release|Any CPU
		{9F171590-E8A5-410F-82B4-F1136C14898F}.Debug|Any CPU.ActiveCfg = Debug|Any CPU
		{9F171590-E8A5-410F-82B4-F1136C14898F}.Debug|Any CPU.Build.0 = Debug|Any CPU
		{9F171590-E8A5-410F-82B4-F1136C14898F}.Release|Any CPU.ActiveCfg = Release|Any CPU
		{9F171590-E8A5-410F-82B4-F1136C14898F}.Release|Any CPU.Build.0 = Release|Any CPU
		{4614C41C-5843-4432-8629-F30099084CDB}.Debug|Any CPU.ActiveCfg = Debug|Any CPU
		{4614C41C-5843-4432-8629-F30099084CDB}.Debug|Any CPU.Build.0 = Debug|Any CPU
		{4614C41C-5843-4432-8629-F30099084CDB}.Release|Any CPU.ActiveCfg = Release|Any CPU
		{4614C41C-5843-4432-8629-F30099084CDB}.Release|Any CPU.Build.0 = Release|Any CPU
		{D5ACC6F6-C6A4-4B93-B7D1-D0BBC89806AC}.Debug|Any CPU.ActiveCfg = Debug|Any CPU
		{D5ACC6F6-C6A4-4B93-B7D1-D0BBC89806AC}.Debug|Any CPU.Build.0 = Debug|Any CPU
		{D5ACC6F6-C6A4-4B93-B7D1-D0BBC89806AC}.Release|Any CPU.ActiveCfg = Release|Any CPU
		{D5ACC6F6-C6A4-4B93-B7D1-D0BBC89806AC}.Release|Any CPU.Build.0 = Release|Any CPU
		{55EF2F98-3AFB-4618-B30B-CE9917D2119A}.Debug|Any CPU.ActiveCfg = Debug|Any CPU
		{55EF2F98-3AFB-4618-B30B-CE9917D2119A}.Debug|Any CPU.Build.0 = Debug|Any CPU
		{55EF2F98-3AFB-4618-B30B-CE9917D2119A}.Release|Any CPU.ActiveCfg = Release|Any CPU
		{55EF2F98-3AFB-4618-B30B-CE9917D2119A}.Release|Any CPU.Build.0 = Release|Any CPU
		{CE77D46C-DA48-454F-B1C6-E8367239A756}.Debug|Any CPU.ActiveCfg = Debug|Any CPU
		{CE77D46C-DA48-454F-B1C6-E8367239A756}.Debug|Any CPU.Build.0 = Debug|Any CPU
		{CE77D46C-DA48-454F-B1C6-E8367239A756}.Release|Any CPU.ActiveCfg = Release|Any CPU
		{CE77D46C-DA48-454F-B1C6-E8367239A756}.Release|Any CPU.Build.0 = Release|Any CPU
		{175A4BC1-B5CB-4541-8113-ABD8B66703D6}.Debug|Any CPU.ActiveCfg = Debug|Any CPU
		{175A4BC1-B5CB-4541-8113-ABD8B66703D6}.Debug|Any CPU.Build.0 = Debug|Any CPU
		{175A4BC1-B5CB-4541-8113-ABD8B66703D6}.Release|Any CPU.ActiveCfg = Release|Any CPU
		{175A4BC1-B5CB-4541-8113-ABD8B66703D6}.Release|Any CPU.Build.0 = Release|Any CPU
		{B2333E34-3331-4C95-8644-3845548D94A1}.Debug|Any CPU.ActiveCfg = Debug|Any CPU
		{B2333E34-3331-4C95-8644-3845548D94A1}.Debug|Any CPU.Build.0 = Debug|Any CPU
		{B2333E34-3331-4C95-8644-3845548D94A1}.Release|Any CPU.ActiveCfg = Release|Any CPU
		{B2333E34-3331-4C95-8644-3845548D94A1}.Release|Any CPU.Build.0 = Release|Any CPU
		{8C9F07C8-E64F-41B2-868F-D3D8DBACFD04}.Debug|Any CPU.ActiveCfg = Debug|Any CPU
		{8C9F07C8-E64F-41B2-868F-D3D8DBACFD04}.Debug|Any CPU.Build.0 = Debug|Any CPU
		{8C9F07C8-E64F-41B2-868F-D3D8DBACFD04}.Release|Any CPU.ActiveCfg = Release|Any CPU
		{8C9F07C8-E64F-41B2-868F-D3D8DBACFD04}.Release|Any CPU.Build.0 = Release|Any CPU
		{4204E1AC-8B0C-4AEC-BF7B-8E4EDD144958}.Debug|Any CPU.ActiveCfg = Debug|Any CPU
		{4204E1AC-8B0C-4AEC-BF7B-8E4EDD144958}.Debug|Any CPU.Build.0 = Debug|Any CPU
		{4204E1AC-8B0C-4AEC-BF7B-8E4EDD144958}.Release|Any CPU.ActiveCfg = Release|Any CPU
		{4204E1AC-8B0C-4AEC-BF7B-8E4EDD144958}.Release|Any CPU.Build.0 = Release|Any CPU
		{73AE32B4-1561-4ADE-96A1-D39F35C0F420}.Debug|Any CPU.ActiveCfg = Debug|Any CPU
		{73AE32B4-1561-4ADE-96A1-D39F35C0F420}.Debug|Any CPU.Build.0 = Debug|Any CPU
		{73AE32B4-1561-4ADE-96A1-D39F35C0F420}.Release|Any CPU.ActiveCfg = Release|Any CPU
		{73AE32B4-1561-4ADE-96A1-D39F35C0F420}.Release|Any CPU.Build.0 = Release|Any CPU
		{3874BFF1-2A41-44A9-92FE-48F16F3ACCFB}.Debug|Any CPU.ActiveCfg = Debug|Any CPU
		{3874BFF1-2A41-44A9-92FE-48F16F3ACCFB}.Debug|Any CPU.Build.0 = Debug|Any CPU
		{3874BFF1-2A41-44A9-92FE-48F16F3ACCFB}.Release|Any CPU.ActiveCfg = Release|Any CPU
		{3874BFF1-2A41-44A9-92FE-48F16F3ACCFB}.Release|Any CPU.Build.0 = Release|Any CPU
		{237229D4-72DF-4954-93AE-BBB577B0860F}.Debug|Any CPU.ActiveCfg = Debug|Any CPU
		{237229D4-72DF-4954-93AE-BBB577B0860F}.Debug|Any CPU.Build.0 = Debug|Any CPU
		{237229D4-72DF-4954-93AE-BBB577B0860F}.Release|Any CPU.ActiveCfg = Release|Any CPU
		{237229D4-72DF-4954-93AE-BBB577B0860F}.Release|Any CPU.Build.0 = Release|Any CPU
		{C58B1942-A617-4597-A6D4-522B68AC3596}.Debug|Any CPU.ActiveCfg = Debug|Any CPU
		{C58B1942-A617-4597-A6D4-522B68AC3596}.Debug|Any CPU.Build.0 = Debug|Any CPU
		{C58B1942-A617-4597-A6D4-522B68AC3596}.Release|Any CPU.ActiveCfg = Release|Any CPU
		{C58B1942-A617-4597-A6D4-522B68AC3596}.Release|Any CPU.Build.0 = Release|Any CPU
		{814141DD-B050-4825-8FE3-AD5881178961}.Debug|Any CPU.ActiveCfg = Debug|Any CPU
		{814141DD-B050-4825-8FE3-AD5881178961}.Debug|Any CPU.Build.0 = Debug|Any CPU
		{814141DD-B050-4825-8FE3-AD5881178961}.Release|Any CPU.ActiveCfg = Release|Any CPU
		{814141DD-B050-4825-8FE3-AD5881178961}.Release|Any CPU.Build.0 = Release|Any CPU
		{5FC49A20-FE0D-4C3B-A887-1027AA6DB6E3}.Debug|Any CPU.ActiveCfg = Debug|Any CPU
		{5FC49A20-FE0D-4C3B-A887-1027AA6DB6E3}.Debug|Any CPU.Build.0 = Debug|Any CPU
		{5FC49A20-FE0D-4C3B-A887-1027AA6DB6E3}.Release|Any CPU.ActiveCfg = Release|Any CPU
		{5FC49A20-FE0D-4C3B-A887-1027AA6DB6E3}.Release|Any CPU.Build.0 = Release|Any CPU
		{6AE39DD8-C063-441D-A87C-29EDE9923BAD}.Debug|Any CPU.ActiveCfg = Debug|Any CPU
		{6AE39DD8-C063-441D-A87C-29EDE9923BAD}.Debug|Any CPU.Build.0 = Debug|Any CPU
		{6AE39DD8-C063-441D-A87C-29EDE9923BAD}.Release|Any CPU.ActiveCfg = Release|Any CPU
		{6AE39DD8-C063-441D-A87C-29EDE9923BAD}.Release|Any CPU.Build.0 = Release|Any CPU
		{96602B14-B084-4C72-AFB7-DAECCABB5CAC}.Debug|Any CPU.ActiveCfg = Debug|Any CPU
		{96602B14-B084-4C72-AFB7-DAECCABB5CAC}.Debug|Any CPU.Build.0 = Debug|Any CPU
		{96602B14-B084-4C72-AFB7-DAECCABB5CAC}.Release|Any CPU.ActiveCfg = Release|Any CPU
		{96602B14-B084-4C72-AFB7-DAECCABB5CAC}.Release|Any CPU.Build.0 = Release|Any CPU
		{A258E6AA-1F46-4E90-B2F9-E94807D7F42A}.Debug|Any CPU.ActiveCfg = Debug|Any CPU
		{A258E6AA-1F46-4E90-B2F9-E94807D7F42A}.Debug|Any CPU.Build.0 = Debug|Any CPU
		{A258E6AA-1F46-4E90-B2F9-E94807D7F42A}.Release|Any CPU.ActiveCfg = Release|Any CPU
		{A258E6AA-1F46-4E90-B2F9-E94807D7F42A}.Release|Any CPU.Build.0 = Release|Any CPU
		{64CE7C96-0BF6-41ED-8AC7-1FD31DB5CC9F}.Debug|Any CPU.ActiveCfg = Debug|Any CPU
		{64CE7C96-0BF6-41ED-8AC7-1FD31DB5CC9F}.Debug|Any CPU.Build.0 = Debug|Any CPU
		{64CE7C96-0BF6-41ED-8AC7-1FD31DB5CC9F}.Release|Any CPU.ActiveCfg = Release|Any CPU
		{64CE7C96-0BF6-41ED-8AC7-1FD31DB5CC9F}.Release|Any CPU.Build.0 = Release|Any CPU
		{AA7A05D1-32A3-4AA9-853E-8D45C8B129FA}.Debug|Any CPU.ActiveCfg = Debug|Any CPU
		{AA7A05D1-32A3-4AA9-853E-8D45C8B129FA}.Debug|Any CPU.Build.0 = Debug|Any CPU
		{AA7A05D1-32A3-4AA9-853E-8D45C8B129FA}.Release|Any CPU.ActiveCfg = Release|Any CPU
		{AA7A05D1-32A3-4AA9-853E-8D45C8B129FA}.Release|Any CPU.Build.0 = Release|Any CPU
	EndGlobalSection
	GlobalSection(SolutionProperties) = preSolution
		HideSolutionNode = FALSE
	EndGlobalSection
	GlobalSection(ExtensibilityGlobals) = postSolution
		SolutionGuid = {5D1D9867-26B6-4745-8166-91B40604D781}
	EndGlobalSection
EndGlobal
